
Microsoft Visual Studio Solution File, Format Version 12.00
# Visual Studio 2012
Project("{8BC9CEB8-8B4A-11D0-8D11-00A0C91BC942}") = "glfttest", "glfttest\glfttest.vcxproj", "{143C9E65-7C8C-4EDB-AAA2-3C80712FAEDD}"
EndProject
Global
	GlobalSection(SolutionConfigurationPlatforms) = preSolution
		Debug|Win32 = Debug|Win32
		Release|Win32 = Release|Win32
	EndGlobalSection
	GlobalSection(ProjectConfigurationPlatforms) = postSolution
		{143C9E65-7C8C-4EDB-AAA2-3C80712FAEDD}.Debug|Win32.ActiveCfg = Debug|Win32
		{143C9E65-7C8C-4EDB-AAA2-3C80712FAEDD}.Debug|Win32.Build.0 = Debug|Win32
		{143C9E65-7C8C-4EDB-AAA2-3C80712FAEDD}.Release|Win32.ActiveCfg = Release|Win32
		{143C9E65-7C8C-4EDB-AAA2-3C80712FAEDD}.Release|Win32.Build.0 = Release|Win32
	EndGlobalSection
	GlobalSection(SolutionProperties) = preSolution
		HideSolutionNode = FALSE
	EndGlobalSection
EndGlobal
